
Microsoft Visual Studio Solution File, Format Version 12.00
# Visual Studio Version 17
VisualStudioVersion = 17.11.35327.3
MinimumVisualStudioVersion = 10.0.40219.1
Project("{FAE04EC0-301F-11D3-BF4B-00C04F79EFBC}") = "task", "task.csproj", "{29FE4ADB-64DB-4992-A548-BA4820D043F9}"
EndProject
Global
	GlobalSection(SolutionConfigurationPlatforms) = preSolution
		Debug|Any CPU = Debug|Any CPU
		Release|Any CPU = Release|Any CPU
	EndGlobalSection
	GlobalSection(ProjectConfigurationPlatforms) = postSolution
		{29FE4ADB-64DB-4992-A548-BA4820D043F9}.Debug|Any CPU.ActiveCfg = Debug|Any CPU
		{29FE4ADB-64DB-4992-A548-BA4820D043F9}.Debug|Any CPU.Build.0 = Debug|Any CPU
		{29FE4ADB-64DB-4992-A548-BA4820D043F9}.Release|Any CPU.ActiveCfg = Release|Any CPU
		{29FE4ADB-64DB-4992-A548-BA4820D043F9}.Release|Any CPU.Build.0 = Release|Any CPU
	EndGlobalSection
	GlobalSection(SolutionProperties) = preSolution
		HideSolutionNode = FALSE
	EndGlobalSection
	GlobalSection(ExtensibilityGlobals) = postSolution
		SolutionGuid = {A47BCB29-C652-4F6D-8F00-4640510757F2}
	EndGlobalSection
EndGlobal
